
Microsoft Visual Studio Solution File, Format Version 10.00
# Visual Studio 2008
Project("{F184B08F-C81C-45F6-A57F-5ABD9991F28F}") = "CR_SortCode", "CR_SortCode\CR_SortCode.vbproj", "{2505BF78-24C4-438D-845A-6452E56E46FB}"
EndProject
Project("{F184B08F-C81C-45F6-A57F-5ABD9991F28F}") = "CR_SortCodeDesigner", "CR_SortCodeDesigner\CR_SortCodeDesigner.vbproj", "{548B7D56-0883-429D-98CD-D445FB50B8A2}"
EndProject
Global
	GlobalSection(SolutionConfigurationPlatforms) = preSolution
		Debug|Any CPU = Debug|Any CPU
		Release|Any CPU = Release|Any CPU
	EndGlobalSection
	GlobalSection(ProjectConfigurationPlatforms) = postSolution
		{2505BF78-24C4-438D-845A-6452E56E46FB}.Debug|Any CPU.ActiveCfg = Debug|Any CPU
		{2505BF78-24C4-438D-845A-6452E56E46FB}.Debug|Any CPU.Build.0 = Debug|Any CPU
		{2505BF78-24C4-438D-845A-6452E56E46FB}.Release|Any CPU.ActiveCfg = Release|Any CPU
		{2505BF78-24C4-438D-845A-6452E56E46FB}.Release|Any CPU.Build.0 = Release|Any CPU
		{548B7D56-0883-429D-98CD-D445FB50B8A2}.Debug|Any CPU.ActiveCfg = Debug|Any CPU
		{548B7D56-0883-429D-98CD-D445FB50B8A2}.Debug|Any CPU.Build.0 = Debug|Any CPU
		{548B7D56-0883-429D-98CD-D445FB50B8A2}.Release|Any CPU.ActiveCfg = Release|Any CPU
		{548B7D56-0883-429D-98CD-D445FB50B8A2}.Release|Any CPU.Build.0 = Release|Any CPU
	EndGlobalSection
	GlobalSection(SolutionProperties) = preSolution
		HideSolutionNode = FALSE
	EndGlobalSection
EndGlobal
