
Microsoft Visual Studio Solution File, Format Version 10.00
# Visual Studio 2008
Project("{FAE04EC0-301F-11D3-BF4B-00C04F79EFBC}") = "RedGreenTests", "RedGreenTests\RedGreenTests.csproj", "{98B08D52-E138-4EF9-A4D1-479E6E363DC7}"
EndProject
Project("{FAE04EC0-301F-11D3-BF4B-00C04F79EFBC}") = "RedGreen", "RedGreen\RedGreen.csproj", "{020DC253-8479-4783-A44E-A4E11D31D18B}"
EndProject
Project("{F184B08F-C81C-45F6-A57F-5ABD9991F28F}") = "RedGreenVBExampleTests", "RedGreenVBExampleTests\RedGreenVBExampleTests.vbproj", "{FE6D700B-DE1F-49B9-A635-9BA3FA3C083B}"
EndProject
Project("{FAE04EC0-301F-11D3-BF4B-00C04F79EFBC}") = "RedGreen.AdHoc", "RedGreen.AdHoc\RedGreen.AdHoc.csproj", "{4D41F74C-B2B4-4DB4-A5B4-170D7FE42AEE}"
EndProject
Global
	GlobalSection(SolutionConfigurationPlatforms) = preSolution
		Debug|Any CPU = Debug|Any CPU
		Eval|Any CPU = Eval|Any CPU
		Release|Any CPU = Release|Any CPU
	EndGlobalSection
	GlobalSection(ProjectConfigurationPlatforms) = postSolution
		{98B08D52-E138-4EF9-A4D1-479E6E363DC7}.Debug|Any CPU.ActiveCfg = Debug|Any CPU
		{98B08D52-E138-4EF9-A4D1-479E6E363DC7}.Debug|Any CPU.Build.0 = Debug|Any CPU
		{98B08D52-E138-4EF9-A4D1-479E6E363DC7}.Eval|Any CPU.ActiveCfg = Release|Any CPU
		{98B08D52-E138-4EF9-A4D1-479E6E363DC7}.Eval|Any CPU.Build.0 = Release|Any CPU
		{98B08D52-E138-4EF9-A4D1-479E6E363DC7}.Release|Any CPU.ActiveCfg = Release|Any CPU
		{98B08D52-E138-4EF9-A4D1-479E6E363DC7}.Release|Any CPU.Build.0 = Release|Any CPU
		{020DC253-8479-4783-A44E-A4E11D31D18B}.Debug|Any CPU.ActiveCfg = Debug|Any CPU
		{020DC253-8479-4783-A44E-A4E11D31D18B}.Debug|Any CPU.Build.0 = Debug|Any CPU
		{020DC253-8479-4783-A44E-A4E11D31D18B}.Eval|Any CPU.ActiveCfg = Release|Any CPU
		{020DC253-8479-4783-A44E-A4E11D31D18B}.Eval|Any CPU.Build.0 = Release|Any CPU
		{020DC253-8479-4783-A44E-A4E11D31D18B}.Release|Any CPU.ActiveCfg = Release|Any CPU
		{020DC253-8479-4783-A44E-A4E11D31D18B}.Release|Any CPU.Build.0 = Release|Any CPU
		{FE6D700B-DE1F-49B9-A635-9BA3FA3C083B}.Debug|Any CPU.ActiveCfg = Debug|Any CPU
		{FE6D700B-DE1F-49B9-A635-9BA3FA3C083B}.Debug|Any CPU.Build.0 = Debug|Any CPU
		{FE6D700B-DE1F-49B9-A635-9BA3FA3C083B}.Eval|Any CPU.ActiveCfg = Release|Any CPU
		{FE6D700B-DE1F-49B9-A635-9BA3FA3C083B}.Eval|Any CPU.Build.0 = Release|Any CPU
		{FE6D700B-DE1F-49B9-A635-9BA3FA3C083B}.Release|Any CPU.ActiveCfg = Release|Any CPU
		{FE6D700B-DE1F-49B9-A635-9BA3FA3C083B}.Release|Any CPU.Build.0 = Release|Any CPU
		{4D41F74C-B2B4-4DB4-A5B4-170D7FE42AEE}.Debug|Any CPU.ActiveCfg = Debug|Any CPU
		{4D41F74C-B2B4-4DB4-A5B4-170D7FE42AEE}.Debug|Any CPU.Build.0 = Debug|Any CPU
		{4D41F74C-B2B4-4DB4-A5B4-170D7FE42AEE}.Eval|Any CPU.ActiveCfg = Release|Any CPU
		{4D41F74C-B2B4-4DB4-A5B4-170D7FE42AEE}.Eval|Any CPU.Build.0 = Release|Any CPU
		{4D41F74C-B2B4-4DB4-A5B4-170D7FE42AEE}.Release|Any CPU.ActiveCfg = Release|Any CPU
		{4D41F74C-B2B4-4DB4-A5B4-170D7FE42AEE}.Release|Any CPU.Build.0 = Release|Any CPU
	EndGlobalSection
	GlobalSection(SolutionProperties) = preSolution
		HideSolutionNode = FALSE
	EndGlobalSection
EndGlobal
