
Microsoft Visual Studio Solution File, Format Version 12.00
# Visual Studio 2012
Project("{FAE04EC0-301F-11D3-BF4B-00C04F79EFBC}") = "UnitTestErrorVisualizer", "UnitTestErrorVisualizer\UnitTestErrorVisualizer.csproj", "{8D6BBE93-262B-4D03-8976-67E8F0ABA2C5}"
EndProject
Project("{FAE04EC0-301F-11D3-BF4B-00C04F79EFBC}") = "UnitTestVisualizer.Tests", "UnitTestVisualizer.Tests\UnitTestVisualizer.Tests.csproj", "{52AA49DE-3179-4EDA-B2A6-D28CCC50C0FC}"
EndProject
Global
	GlobalSection(SolutionConfigurationPlatforms) = preSolution
		Debug|Any CPU = Debug|Any CPU
		Release|Any CPU = Release|Any CPU
	EndGlobalSection
	GlobalSection(ProjectConfigurationPlatforms) = postSolution
		{8D6BBE93-262B-4D03-8976-67E8F0ABA2C5}.Debug|Any CPU.ActiveCfg = Debug|Any CPU
		{8D6BBE93-262B-4D03-8976-67E8F0ABA2C5}.Debug|Any CPU.Build.0 = Debug|Any CPU
		{8D6BBE93-262B-4D03-8976-67E8F0ABA2C5}.Release|Any CPU.ActiveCfg = Release|Any CPU
		{8D6BBE93-262B-4D03-8976-67E8F0ABA2C5}.Release|Any CPU.Build.0 = Release|Any CPU
		{52AA49DE-3179-4EDA-B2A6-D28CCC50C0FC}.Debug|Any CPU.ActiveCfg = Debug|Any CPU
		{52AA49DE-3179-4EDA-B2A6-D28CCC50C0FC}.Debug|Any CPU.Build.0 = Debug|Any CPU
		{52AA49DE-3179-4EDA-B2A6-D28CCC50C0FC}.Release|Any CPU.ActiveCfg = Release|Any CPU
		{52AA49DE-3179-4EDA-B2A6-D28CCC50C0FC}.Release|Any CPU.Build.0 = Release|Any CPU
	EndGlobalSection
	GlobalSection(SolutionProperties) = preSolution
		HideSolutionNode = FALSE
	EndGlobalSection
EndGlobal
