
Microsoft Visual Studio Solution File, Format Version 10.00
# Visual Studio 2008
Project("{FAE04EC0-301F-11D3-BF4B-00C04F79EFBC}") = "CR_Xtras", "CR_Xtras\CR_Xtras.csproj", "{D180E95E-A632-439C-8719-842D6D46974B}"
EndProject
Project("{FAE04EC0-301F-11D3-BF4B-00C04F79EFBC}") = "CR_Xtras.Specs", "CR_Xtras.Specs\CR_Xtras.Specs.csproj", "{92445935-D006-4250-8AA8-F3B3C3B752B0}"
EndProject
Global
	GlobalSection(SolutionConfigurationPlatforms) = preSolution
		Debug|Any CPU = Debug|Any CPU
		Release|Any CPU = Release|Any CPU
	EndGlobalSection
	GlobalSection(ProjectConfigurationPlatforms) = postSolution
		{D180E95E-A632-439C-8719-842D6D46974B}.Debug|Any CPU.ActiveCfg = Debug|Any CPU
		{D180E95E-A632-439C-8719-842D6D46974B}.Debug|Any CPU.Build.0 = Debug|Any CPU
		{D180E95E-A632-439C-8719-842D6D46974B}.Release|Any CPU.ActiveCfg = Release|Any CPU
		{D180E95E-A632-439C-8719-842D6D46974B}.Release|Any CPU.Build.0 = Release|Any CPU
		{92445935-D006-4250-8AA8-F3B3C3B752B0}.Debug|Any CPU.ActiveCfg = Debug|Any CPU
		{92445935-D006-4250-8AA8-F3B3C3B752B0}.Debug|Any CPU.Build.0 = Debug|Any CPU
		{92445935-D006-4250-8AA8-F3B3C3B752B0}.Release|Any CPU.ActiveCfg = Release|Any CPU
		{92445935-D006-4250-8AA8-F3B3C3B752B0}.Release|Any CPU.Build.0 = Release|Any CPU
	EndGlobalSection
	GlobalSection(SolutionProperties) = preSolution
		HideSolutionNode = FALSE
	EndGlobalSection
EndGlobal
