
Microsoft Visual Studio Solution File, Format Version 11.00
# Visual Studio 2010
Project("{FAE04EC0-301F-11D3-BF4B-00C04F79EFBC}") = "Refactor_Comments", "Refactor_Comments\Refactor_Comments.csproj", "{9DE0A270-B8C8-4FEF-AF14-77C598C3C81B}"
EndProject
Global
	GlobalSection(SolutionConfigurationPlatforms) = preSolution
		Debug|Any CPU = Debug|Any CPU
		Release|Any CPU = Release|Any CPU
	EndGlobalSection
	GlobalSection(ProjectConfigurationPlatforms) = postSolution
		{9DE0A270-B8C8-4FEF-AF14-77C598C3C81B}.Debug|Any CPU.ActiveCfg = Debug|Any CPU
		{9DE0A270-B8C8-4FEF-AF14-77C598C3C81B}.Debug|Any CPU.Build.0 = Debug|Any CPU
		{9DE0A270-B8C8-4FEF-AF14-77C598C3C81B}.Release|Any CPU.ActiveCfg = Release|Any CPU
		{9DE0A270-B8C8-4FEF-AF14-77C598C3C81B}.Release|Any CPU.Build.0 = Release|Any CPU
	EndGlobalSection
	GlobalSection(SolutionProperties) = preSolution
		HideSolutionNode = FALSE
	EndGlobalSection
EndGlobal
