
Microsoft Visual Studio Solution File, Format Version 11.00
# Visual Studio 2010
Project("{F184B08F-C81C-45F6-A57F-5ABD9991F28F}") = "CR_RegionTabber", "CR_RegionTabber\CR_RegionTabber.vbproj", "{EA90BC6C-9CA9-4669-A4B6-20706C807B90}"
EndProject
Global
	GlobalSection(SolutionConfigurationPlatforms) = preSolution
		Debug|Any CPU = Debug|Any CPU
		Release|Any CPU = Release|Any CPU
	EndGlobalSection
	GlobalSection(ProjectConfigurationPlatforms) = postSolution
		{EA90BC6C-9CA9-4669-A4B6-20706C807B90}.Debug|Any CPU.ActiveCfg = Debug|Any CPU
		{EA90BC6C-9CA9-4669-A4B6-20706C807B90}.Debug|Any CPU.Build.0 = Debug|Any CPU
		{EA90BC6C-9CA9-4669-A4B6-20706C807B90}.Release|Any CPU.ActiveCfg = Release|Any CPU
		{EA90BC6C-9CA9-4669-A4B6-20706C807B90}.Release|Any CPU.Build.0 = Release|Any CPU
	EndGlobalSection
	GlobalSection(SolutionProperties) = preSolution
		HideSolutionNode = FALSE
	EndGlobalSection
EndGlobal
