
Microsoft Visual Studio Solution File, Format Version 10.00
# Visual Studio 2008
Project("{FAE04EC0-301F-11D3-BF4B-00C04F79EFBC}") = "Refactor_Generalize", "Refactor_Generalize\Refactor_Generalize.csproj", "{7378B159-F446-437D-BCAE-EBC9F2965D81}"
EndProject
Global
	GlobalSection(SolutionConfigurationPlatforms) = preSolution
		Debug|Any CPU = Debug|Any CPU
		Release|Any CPU = Release|Any CPU
	EndGlobalSection
	GlobalSection(ProjectConfigurationPlatforms) = postSolution
		{7378B159-F446-437D-BCAE-EBC9F2965D81}.Debug|Any CPU.ActiveCfg = Debug|Any CPU
		{7378B159-F446-437D-BCAE-EBC9F2965D81}.Debug|Any CPU.Build.0 = Debug|Any CPU
		{7378B159-F446-437D-BCAE-EBC9F2965D81}.Release|Any CPU.ActiveCfg = Release|Any CPU
		{7378B159-F446-437D-BCAE-EBC9F2965D81}.Release|Any CPU.Build.0 = Release|Any CPU
	EndGlobalSection
	GlobalSection(SolutionProperties) = preSolution
		HideSolutionNode = FALSE
	EndGlobalSection
EndGlobal
