
Microsoft Visual Studio Solution File, Format Version 11.00
# Visual Studio 2010
Project("{F184B08F-C81C-45F6-A57F-5ABD9991F28F}") = "DX_NewsBar", "DX_NewsBar\DX_NewsBar.vbproj", "{274C3663-714B-45A9-9828-43D69E514B7C}"
EndProject
Global
	GlobalSection(SolutionConfigurationPlatforms) = preSolution
		Debug|Any CPU = Debug|Any CPU
		Release|Any CPU = Release|Any CPU
	EndGlobalSection
	GlobalSection(ProjectConfigurationPlatforms) = postSolution
		{274C3663-714B-45A9-9828-43D69E514B7C}.Debug|Any CPU.ActiveCfg = Debug|Any CPU
		{274C3663-714B-45A9-9828-43D69E514B7C}.Debug|Any CPU.Build.0 = Debug|Any CPU
		{274C3663-714B-45A9-9828-43D69E514B7C}.Release|Any CPU.ActiveCfg = Release|Any CPU
		{274C3663-714B-45A9-9828-43D69E514B7C}.Release|Any CPU.Build.0 = Release|Any CPU
	EndGlobalSection
	GlobalSection(SolutionProperties) = preSolution
		HideSolutionNode = FALSE
	EndGlobalSection
EndGlobal
