Microsoft Visual Studio Solution File, Format Version 10.00
# Visual Studio 2008
Project("{F184B08F-C81C-45F6-A57F-5ABD9991F28F}") = "CR_EnhancedForEach", "CR_EnhancedForEach.vbproj", "{85037426-50DA-411C-8244-4F0AB5EBD1F8}"
EndProject
Global
	GlobalSection(SolutionConfigurationPlatforms) = preSolution
		Debug|Default = Debug|Default
		Release|Default = Release|Default
	EndGlobalSection
	GlobalSection(ProjectConfigurationPlatforms) = postSolution
		{85037426-50DA-411C-8244-4F0AB5EBD1F8}.Debug|Default.ActiveCfg = Debug|Any CPU
		{85037426-50DA-411C-8244-4F0AB5EBD1F8}.Debug|Default.Build.0 = Debug|Any CPU
		{85037426-50DA-411C-8244-4F0AB5EBD1F8}.Release|Default.ActiveCfg = Release|Any CPU
		{85037426-50DA-411C-8244-4F0AB5EBD1F8}.Release|Default.Build.0 = Release|Any CPU
	EndGlobalSection
	GlobalSection(SolutionProperties) = preSolution
		HideSolutionNode = FALSE
	EndGlobalSection
EndGlobal
