
Microsoft Visual Studio Solution File, Format Version 11.00
# Visual Studio 2010
Project("{FAE04EC0-301F-11D3-BF4B-00C04F79EFBC}") = "Refactor_ConvertProperty", "Refactor_ConvertProperty\Refactor_ConvertProperty.csproj", "{6674B42C-B266-4DC0-837B-31844FB9ECD2}"
EndProject
Global
	GlobalSection(SolutionConfigurationPlatforms) = preSolution
		Debug|Any CPU = Debug|Any CPU
		Release|Any CPU = Release|Any CPU
	EndGlobalSection
	GlobalSection(ProjectConfigurationPlatforms) = postSolution
		{6674B42C-B266-4DC0-837B-31844FB9ECD2}.Debug|Any CPU.ActiveCfg = Debug|Any CPU
		{6674B42C-B266-4DC0-837B-31844FB9ECD2}.Debug|Any CPU.Build.0 = Debug|Any CPU
		{6674B42C-B266-4DC0-837B-31844FB9ECD2}.Release|Any CPU.ActiveCfg = Release|Any CPU
		{6674B42C-B266-4DC0-837B-31844FB9ECD2}.Release|Any CPU.Build.0 = Release|Any CPU
	EndGlobalSection
	GlobalSection(SolutionProperties) = preSolution
		HideSolutionNode = FALSE
	EndGlobalSection
EndGlobal
