
Microsoft Visual Studio Solution File, Format Version 11.00
# Visual Studio 2010
Project("{FAE04EC0-301F-11D3-BF4B-00C04F79EFBC}") = "ClassLibrary1", "ClassLibrary1.csproj", "{522EA631-BBA0-49C7-94FB-900828D9273C}"
EndProject
Project("{FAE04EC0-301F-11D3-BF4B-00C04F79EFBC}") = "ClassLibrary2", "..\ClassLibrary2\ClassLibrary2.csproj", "{C86AF298-4984-4646-9E11-53BF6E7712DC}"
EndProject
Global
	GlobalSection(SolutionConfigurationPlatforms) = preSolution
		Debug|Any CPU = Debug|Any CPU
		Release|Any CPU = Release|Any CPU
	EndGlobalSection
	GlobalSection(ProjectConfigurationPlatforms) = postSolution
		{522EA631-BBA0-49C7-94FB-900828D9273C}.Debug|Any CPU.ActiveCfg = Debug|Any CPU
		{522EA631-BBA0-49C7-94FB-900828D9273C}.Debug|Any CPU.Build.0 = Debug|Any CPU
		{522EA631-BBA0-49C7-94FB-900828D9273C}.Release|Any CPU.ActiveCfg = Release|Any CPU
		{522EA631-BBA0-49C7-94FB-900828D9273C}.Release|Any CPU.Build.0 = Release|Any CPU
		{C86AF298-4984-4646-9E11-53BF6E7712DC}.Debug|Any CPU.ActiveCfg = Debug|Any CPU
		{C86AF298-4984-4646-9E11-53BF6E7712DC}.Debug|Any CPU.Build.0 = Debug|Any CPU
		{C86AF298-4984-4646-9E11-53BF6E7712DC}.Release|Any CPU.ActiveCfg = Release|Any CPU
		{C86AF298-4984-4646-9E11-53BF6E7712DC}.Release|Any CPU.Build.0 = Release|Any CPU
	EndGlobalSection
	GlobalSection(SolutionProperties) = preSolution
		HideSolutionNode = FALSE
	EndGlobalSection
EndGlobal
