
Microsoft Visual Studio Solution File, Format Version 10.00
# Visual Studio 2008
Project("{FAE04EC0-301F-11D3-BF4B-00C04F79EFBC}") = "CR_NavigateToDefinition", "CR_NavigateToDefinition\CR_NavigateToDefinition.csproj", "{0714BC84-9B4C-4D7D-8DB5-41681004CC7D}"
EndProject
Global
	GlobalSection(SolutionConfigurationPlatforms) = preSolution
		Debug|Any CPU = Debug|Any CPU
		Release|Any CPU = Release|Any CPU
	EndGlobalSection
	GlobalSection(ProjectConfigurationPlatforms) = postSolution
		{0714BC84-9B4C-4D7D-8DB5-41681004CC7D}.Debug|Any CPU.ActiveCfg = Debug|Any CPU
		{0714BC84-9B4C-4D7D-8DB5-41681004CC7D}.Debug|Any CPU.Build.0 = Debug|Any CPU
		{0714BC84-9B4C-4D7D-8DB5-41681004CC7D}.Release|Any CPU.ActiveCfg = Release|Any CPU
		{0714BC84-9B4C-4D7D-8DB5-41681004CC7D}.Release|Any CPU.Build.0 = Release|Any CPU
	EndGlobalSection
	GlobalSection(SolutionProperties) = preSolution
		HideSolutionNode = FALSE
	EndGlobalSection
EndGlobal
