Microsoft Visual Studio Solution File, Format Version 10.00
# Visual Studio 2008
Project("{FAE04EC0-301F-11D3-BF4B-00C04F79EFBC}") = "CR_SortLines", "CR_SortLines\CR_SortLines.csproj", "{4FD3003F-4D83-4873-B7CF-5727F608313F}"
EndProject
Global
	GlobalSection(SolutionConfigurationPlatforms) = preSolution
		Debug|Any CPU = Debug|Any CPU
		Release|Any CPU = Release|Any CPU
	EndGlobalSection
	GlobalSection(ProjectConfigurationPlatforms) = postSolution
		{4FD3003F-4D83-4873-B7CF-5727F608313F}.Debug|Any CPU.ActiveCfg = Debug|Any CPU
		{4FD3003F-4D83-4873-B7CF-5727F608313F}.Debug|Any CPU.Build.0 = Debug|Any CPU
		{4FD3003F-4D83-4873-B7CF-5727F608313F}.Release|Any CPU.ActiveCfg = Release|Any CPU
		{4FD3003F-4D83-4873-B7CF-5727F608313F}.Release|Any CPU.Build.0 = Release|Any CPU
	EndGlobalSection
	GlobalSection(SolutionProperties) = preSolution
		HideSolutionNode = FALSE
	EndGlobalSection
EndGlobal
