
Microsoft Visual Studio Solution File, Format Version 10.00
# Visual Studio 2008
Project("{FAE04EC0-301F-11D3-BF4B-00C04F79EFBC}") = "Refactor_MoveTypeToFileInSpecificProject", "Refactor_MoveTypeToFileInSpecificProject\Refactor_MoveTypeToFileInSpecificProject.csproj", "{DCEF6327-8143-4BDD-8BD7-80FB1F33F598}"
EndProject
Global
	GlobalSection(SolutionConfigurationPlatforms) = preSolution
		Debug|Any CPU = Debug|Any CPU
		Release|Any CPU = Release|Any CPU
	EndGlobalSection
	GlobalSection(ProjectConfigurationPlatforms) = postSolution
		{DCEF6327-8143-4BDD-8BD7-80FB1F33F598}.Debug|Any CPU.ActiveCfg = Debug|Any CPU
		{DCEF6327-8143-4BDD-8BD7-80FB1F33F598}.Debug|Any CPU.Build.0 = Debug|Any CPU
		{DCEF6327-8143-4BDD-8BD7-80FB1F33F598}.Release|Any CPU.ActiveCfg = Release|Any CPU
		{DCEF6327-8143-4BDD-8BD7-80FB1F33F598}.Release|Any CPU.Build.0 = Release|Any CPU
	EndGlobalSection
	GlobalSection(SolutionProperties) = preSolution
		HideSolutionNode = FALSE
	EndGlobalSection
EndGlobal
