
Microsoft Visual Studio Solution File, Format Version 11.00
# Visual Studio 2010
Project("{FAE04EC0-301F-11D3-BF4B-00C04F79EFBC}") = "CR_TestDrivenDevelopmentTools", "CR_TestDrivenDevelopmentTools\CR_TestDrivenDevelopmentTools.csproj", "{C0B6A238-6D82-49ED-96A2-DE3C328677AA}"
EndProject
Project("{FAE04EC0-301F-11D3-BF4B-00C04F79EFBC}") = "TestDrivenDevelopmentTools.Test", "TestDrivenDevelopmentTools.Test\TestDrivenDevelopmentTools.Test.csproj", "{CEAA548D-5AFA-45A7-AA22-E2BF254205EF}"
EndProject
Global
	GlobalSection(SolutionConfigurationPlatforms) = preSolution
		Debug|Any CPU = Debug|Any CPU
		Release|Any CPU = Release|Any CPU
	EndGlobalSection
	GlobalSection(ProjectConfigurationPlatforms) = postSolution
		{C0B6A238-6D82-49ED-96A2-DE3C328677AA}.Debug|Any CPU.ActiveCfg = Debug|Any CPU
		{C0B6A238-6D82-49ED-96A2-DE3C328677AA}.Debug|Any CPU.Build.0 = Debug|Any CPU
		{C0B6A238-6D82-49ED-96A2-DE3C328677AA}.Release|Any CPU.ActiveCfg = Release|Any CPU
		{C0B6A238-6D82-49ED-96A2-DE3C328677AA}.Release|Any CPU.Build.0 = Release|Any CPU
		{CEAA548D-5AFA-45A7-AA22-E2BF254205EF}.Debug|Any CPU.ActiveCfg = Debug|Any CPU
		{CEAA548D-5AFA-45A7-AA22-E2BF254205EF}.Debug|Any CPU.Build.0 = Debug|Any CPU
		{CEAA548D-5AFA-45A7-AA22-E2BF254205EF}.Release|Any CPU.ActiveCfg = Release|Any CPU
		{CEAA548D-5AFA-45A7-AA22-E2BF254205EF}.Release|Any CPU.Build.0 = Release|Any CPU
	EndGlobalSection
	GlobalSection(SolutionProperties) = preSolution
		HideSolutionNode = FALSE
	EndGlobalSection
EndGlobal
