
Microsoft Visual Studio Solution File, Format Version 12.00
# Visual Studio 2012
Project("{FAE04EC0-301F-11D3-BF4B-00C04F79EFBC}") = "CR_NavigateToTest", "CR_NavigateToTest\CR_NavigateToTest.csproj", "{99D2350F-6678-41E8-B71B-C34474AAFA26}"
EndProject
Global
	GlobalSection(TestCaseManagementSettings) = postSolution
		CategoryFile = Mls.MlsEnterprise.Jobs.vsmdi
	EndGlobalSection
	GlobalSection(SolutionConfigurationPlatforms) = preSolution
		Debug|Any CPU = Debug|Any CPU
		Release|Any CPU = Release|Any CPU
	EndGlobalSection
	GlobalSection(ProjectConfigurationPlatforms) = postSolution
		{99D2350F-6678-41E8-B71B-C34474AAFA26}.Debug|Any CPU.ActiveCfg = Debug|Any CPU
		{99D2350F-6678-41E8-B71B-C34474AAFA26}.Debug|Any CPU.Build.0 = Debug|Any CPU
		{99D2350F-6678-41E8-B71B-C34474AAFA26}.Release|Any CPU.ActiveCfg = Release|Any CPU
		{99D2350F-6678-41E8-B71B-C34474AAFA26}.Release|Any CPU.Build.0 = Release|Any CPU
	EndGlobalSection
	GlobalSection(SolutionProperties) = preSolution
		HideSolutionNode = FALSE
	EndGlobalSection
EndGlobal
