
Microsoft Visual Studio Solution File, Format Version 11.00
# Visual Studio 2010
Project("{FAE04EC0-301F-11D3-BF4B-00C04F79EFBC}") = "CR_EasierIdentifiers", "CR_EasierIdentifiers\CR_EasierIdentifiers.csproj", "{AAD2BB95-35C5-44DB-B47C-C7E05EF1ADF3}"
EndProject
Global
	GlobalSection(SolutionConfigurationPlatforms) = preSolution
		Debug|Any CPU = Debug|Any CPU
		Release|Any CPU = Release|Any CPU
	EndGlobalSection
	GlobalSection(ProjectConfigurationPlatforms) = postSolution
		{AAD2BB95-35C5-44DB-B47C-C7E05EF1ADF3}.Debug|Any CPU.ActiveCfg = Debug|Any CPU
		{AAD2BB95-35C5-44DB-B47C-C7E05EF1ADF3}.Debug|Any CPU.Build.0 = Debug|Any CPU
		{AAD2BB95-35C5-44DB-B47C-C7E05EF1ADF3}.Release|Any CPU.ActiveCfg = Release|Any CPU
		{AAD2BB95-35C5-44DB-B47C-C7E05EF1ADF3}.Release|Any CPU.Build.0 = Release|Any CPU
	EndGlobalSection
	GlobalSection(SolutionProperties) = preSolution
		HideSolutionNode = FALSE
	EndGlobalSection
EndGlobal
